
Terraform used the selected providers to generate the following execution
plan. Resource actions are indicated with the following symbols:
  [32m+[0m create[0m

Terraform will perform the following actions:

[1m  # docker_container.web[0m will be created
[0m  [32m+[0m[0m resource "docker_container" "web" {
      [32m+[0m[0m attach                                      = false
      [32m+[0m[0m bridge                                      = (known after apply)
      [32m+[0m[0m command                                     = (known after apply)
      [32m+[0m[0m container_logs                              = (known after apply)
      [32m+[0m[0m container_read_refresh_timeout_milliseconds = 15000
      [32m+[0m[0m entrypoint                                  = (known after apply)
      [32m+[0m[0m env                                         = (known after apply)
      [32m+[0m[0m exit_code                                   = (known after apply)
      [32m+[0m[0m gateway                                     = (known after apply)
      [32m+[0m[0m hostname                                    = (known after apply)
      [32m+[0m[0m id                                          = (known after apply)
      [32m+[0m[0m image                                       = (known after apply)
      [32m+[0m[0m init                                        = (known after apply)
      [32m+[0m[0m ip_address                                  = (known after apply)
      [32m+[0m[0m ip_prefix_length                            = (known after apply)
      [32m+[0m[0m ipc_mode                                    = (known after apply)
      [32m+[0m[0m log_driver                                  = (known after apply)
      [32m+[0m[0m logs                                        = false
      [32m+[0m[0m must_run                                    = true
      [32m+[0m[0m name                                        = "terraform-nginx-example"
      [32m+[0m[0m network_data                                = (known after apply)
      [32m+[0m[0m read_only                                   = false
      [32m+[0m[0m remove_volumes                              = true
      [32m+[0m[0m restart                                     = "unless-stopped"
      [32m+[0m[0m rm                                          = false
      [32m+[0m[0m runtime                                     = (known after apply)
      [32m+[0m[0m security_opts                               = (known after apply)
      [32m+[0m[0m shm_size                                    = (known after apply)
      [32m+[0m[0m start                                       = true
      [32m+[0m[0m stdin_open                                  = false
      [32m+[0m[0m stop_signal                                 = (known after apply)
      [32m+[0m[0m stop_timeout                                = (known after apply)
      [32m+[0m[0m tty                                         = false
      [32m+[0m[0m wait                                        = false
      [32m+[0m[0m wait_timeout                                = 60

      [32m+[0m[0m healthcheck (known after apply)

      [32m+[0m[0m labels (known after apply)

      [32m+[0m[0m ports {
          [32m+[0m[0m external = 8080
          [32m+[0m[0m internal = 80
          [32m+[0m[0m ip       = "0.0.0.0"
          [32m+[0m[0m protocol = "tcp"
        }
    }

[1m  # docker_image.nginx[0m will be created
[0m  [32m+[0m[0m resource "docker_image" "nginx" {
      [32m+[0m[0m id          = (known after apply)
      [32m+[0m[0m image_id    = (known after apply)
      [32m+[0m[0m latest      = (known after apply)
      [32m+[0m[0m name        = "nginx:latest"
      [32m+[0m[0m output      = (known after apply)
      [32m+[0m[0m repo_digest = (known after apply)
    }

[1mPlan:[0m 2 to add, 0 to change, 0 to destroy.
[0m
Changes to Outputs:
  [32m+[0m[0m container_id   = (known after apply)
  [32m+[0m[0m container_name = "terraform-nginx-example"
[33m╷[0m[0m
[33m│[0m [0m[1m[33mWarning: [0m[0m[1mDeprecated attribute[0m
[33m│[0m [0m
[33m│[0m [0m[0m  on main.tf line 31, in resource "docker_container" "web":
[33m│[0m [0m  31:   image = docker_image.nginx[4m.latest[0m[0m
[33m│[0m [0m
[33m│[0m [0mThe attribute "latest" is deprecated. Refer to the provider documentation for details.
[33m╵[0m[0m
[90m
─────────────────────────────────────────────────────────────────────────────[0m

Saved the plan to: tfplan

To perform exactly these actions, run the following command to apply:
    terraform apply "tfplan"
