[0m[1mdocker_image.nginx: Refreshing state... [id=sha256:657fdcd1c3659cf57cfaa13f40842e0a26b49ec9654d48fdefee9fc8259b4aabnginx:latest][0m
[0m[1mdocker_container.web: Refreshing state... [id=0b63182f8031f2d28cbe24f6e356cb9d4a2fcaee834ec59d88c6ba65ff913a18][0m

Terraform used the selected providers to generate the following execution
plan. Resource actions are indicated with the following symbols:
[31m-[0m/[32m+[0m destroy and then create replacement[0m

Terraform will perform the following actions:

[1m  # docker_container.web[0m must be [1m[31mreplaced[0m
[0m[31m-[0m/[32m+[0m[0m resource "docker_container" "web" {
      [32m+[0m[0m bridge                                      = (known after apply)
      [33m~[0m[0m command                                     = [
          [31m-[0m[0m "nginx",
          [31m-[0m[0m "-g",
          [31m-[0m[0m "daemon off;",
        ] -> (known after apply)
      [32m+[0m[0m container_logs                              = (known after apply)
      [31m-[0m[0m cpu_shares                                  = 0 [90m-> null[0m[0m
      [31m-[0m[0m dns                                         = [] [90m-> null[0m[0m
      [31m-[0m[0m dns_opts                                    = [] [90m-> null[0m[0m
      [31m-[0m[0m dns_search                                  = [] [90m-> null[0m[0m
      [33m~[0m[0m entrypoint                                  = [
          [31m-[0m[0m "/docker-entrypoint.sh",
        ] -> (known after apply)
      [33m~[0m[0m env                                         = [] -> (known after apply)
      [32m+[0m[0m exit_code                                   = (known after apply)
      [33m~[0m[0m gateway                                     = "172.17.0.1" -> (known after apply)
      [31m-[0m[0m group_add                                   = [] [90m-> null[0m[0m
      [33m~[0m[0m hostname                                    = "0b63182f8031" -> (known after apply)
      [33m~[0m[0m id                                          = "0b63182f8031f2d28cbe24f6e356cb9d4a2fcaee834ec59d88c6ba65ff913a18" -> (known after apply)
      [33m~[0m[0m init                                        = false -> (known after apply)
      [33m~[0m[0m ip_address                                  = "172.17.0.2" -> (known after apply)
      [33m~[0m[0m ip_prefix_length                            = 16 -> (known after apply)
      [33m~[0m[0m ipc_mode                                    = "private" -> (known after apply)
      [31m-[0m[0m links                                       = [] [90m-> null[0m[0m
      [33m~[0m[0m log_driver                                  = "json-file" -> (known after apply)
      [31m-[0m[0m log_opts                                    = {} [90m-> null[0m[0m
      [31m-[0m[0m max_retry_count                             = 0 [90m-> null[0m[0m
      [31m-[0m[0m memory                                      = 0 [90m-> null[0m[0m
      [31m-[0m[0m memory_swap                                 = 0 [90m-> null[0m[0m
        name                                        = "terraform-nginx-example"
      [33m~[0m[0m network_data                                = [
          [31m-[0m[0m {
              [31m-[0m[0m gateway                   = "172.17.0.1"
              [31m-[0m[0m global_ipv6_prefix_length = 0
              [31m-[0m[0m ip_address                = "172.17.0.2"
              [31m-[0m[0m ip_prefix_length          = 16
              [31m-[0m[0m network_name              = "bridge"
                [90m# (2 unchanged attributes hidden)[0m[0m
            },
        ] -> (known after apply)
      [31m-[0m[0m network_mode                                = "bridge" [90m-> null[0m[0m [31m# forces replacement[0m[0m
      [31m-[0m[0m privileged                                  = false [90m-> null[0m[0m
      [31m-[0m[0m publish_all_ports                           = false [90m-> null[0m[0m
      [33m~[0m[0m runtime                                     = "runc" -> (known after apply)
      [33m~[0m[0m security_opts                               = [] -> (known after apply)
      [33m~[0m[0m shm_size                                    = 64 -> (known after apply)
      [33m~[0m[0m stop_signal                                 = "SIGQUIT" -> (known after apply)
      [33m~[0m[0m stop_timeout                                = 0 -> (known after apply)
      [31m-[0m[0m storage_opts                                = {} [90m-> null[0m[0m
      [31m-[0m[0m sysctls                                     = {} [90m-> null[0m[0m
      [31m-[0m[0m tmpfs                                       = {} [90m-> null[0m[0m
        [90m# (20 unchanged attributes hidden)[0m[0m

      [33m~[0m[0m healthcheck (known after apply)

      [33m~[0m[0m labels (known after apply)

        [90m# (1 unchanged block hidden)[0m[0m
    }

[1mPlan:[0m 1 to add, 0 to change, 1 to destroy.
[0m
Changes to Outputs:
  [33m~[0m[0m container_id   = "0b63182f8031f2d28cbe24f6e356cb9d4a2fcaee834ec59d88c6ba65ff913a18" -> (known after apply)
[33m╷[0m[0m
[33m│[0m [0m[1m[33mWarning: [0m[0m[1mDeprecated attribute[0m
[33m│[0m [0m
[33m│[0m [0m[0m  on main.tf line 31, in resource "docker_container" "web":
[33m│[0m [0m  31:   image = docker_image.nginx[4m.latest[0m[0m
[33m│[0m [0m
[33m│[0m [0mThe attribute "latest" is deprecated. Refer to the provider documentation for details.
[33m│[0m [0m
[33m│[0m [0m(and one more similar warning elsewhere)
[33m╵[0m[0m
[0m[1m
Do you want to perform these actions?[0m
  Terraform will perform the actions described above.
  Only 'yes' will be accepted to approve.

  [1mEnter a value:[0m [0m
[0m[1mdocker_container.web: Destroying... [id=0b63182f8031f2d28cbe24f6e356cb9d4a2fcaee834ec59d88c6ba65ff913a18][0m[0m
[0m[1mdocker_container.web: Destruction complete after 1s[0m
[0m[1mdocker_container.web: Creating...[0m[0m
[0m[1mdocker_container.web: Creation complete after 0s [id=d662708490061386e4d1aa7ef7074007193e922c61de9a0775df59fa2a95a219][0m
[33m╷[0m[0m
[33m│[0m [0m[1m[33mWarning: [0m[0m[1mDeprecated attribute[0m
[33m│[0m [0m
[33m│[0m [0m[0m  on main.tf line 31, in resource "docker_container" "web":
[33m│[0m [0m  31:   image = docker_image.nginx[4m.latest[0m[0m
[33m│[0m [0m
[33m│[0m [0mThe attribute "latest" is deprecated. Refer to the provider documentation for details.
[33m│[0m [0m
[33m│[0m [0m(and one more similar warning elsewhere)
[33m╵[0m[0m
[0m[1m[32m
Apply complete! Resources: 1 added, 0 changed, 1 destroyed.
[0m[0m[1m[32m
Outputs:

[0mcontainer_id = "d662708490061386e4d1aa7ef7074007193e922c61de9a0775df59fa2a95a219"
container_name = "terraform-nginx-example"
